PODS:
  - Charts (3.2.1):
    - Charts/Core (= 3.2.1)
  - Charts/Core (3.2.1)
  - CocoaAsyncSocket (7.6.3)
  - CocoaMQTT (1.1.3):
    - CocoaAsyncSocket (~> 7.6.3)
  - GoogleMaps (3.0.1):
    - GoogleMaps/Maps (= 3.0.1)
  - GoogleMaps/Base (3.0.1)
  - GoogleMaps/Maps (3.0.1):
    - GoogleMaps/Base
  - GooglePlaces (3.0.1):
    - GoogleMaps/Base (= 3.0.1)
  - QRCode (2.0)
  - QRCodeReader.swift (10.0.0)

DEPENDENCIES:
  - Charts
  - CocoaMQTT
  - GoogleMaps
  - GooglePlaces
  - QRCode
  - QRCodeReader.swift (~> 10.0.0)

SPEC REPOS:
  https://github.com/cocoapods/specs.git:
    - Charts
    - CocoaAsyncSocket
    - CocoaMQTT
    - GoogleMaps
    - GooglePlaces
    - QRCode
    - QRCodeReader.swift

SPEC CHECKSUMS:
  Charts: f122fb70b19847fa5817d018b77d6c5a2296ab25
  CocoaAsyncSocket: eafaa68a7e0ec99ead0a7b35015e0bf25d2c8987
  CocoaMQTT: b506d38ad3bbe1c55a4f8ee8c9fd02c35da1a7d8
  GoogleMaps: ec8c032304e19f609aba11096eed7207ca1af32d
  GooglePlaces: 44d1be1cf4c2919563162fe369c117168e551e6d
  QRCode: f98a1886c8f37523704a7512a4c0cd45b34c18a4
  QRCodeReader.swift: 74d0378eb0c7807828552b49626bbc8307495aee

PODFILE CHECKSUM: 9ec8a9b76284706898d99de15b1e6ee9d18a9f53

COCOAPODS: 1.5.3
