// !$*UTF8*$!
{
	archiveVersion = 1;
	classes = {
	};
	objectVersion = 50;
	objects = {

/* Begin PBXBuildFile section */
		537222614C0AD67E19CAAEAC /* Pods_QRCodeDemo.framework in Frameworks */ = {isa = PBXBuildFile; fileRef = E9DDA81D0DA57205DCAA62AC /* Pods_QRCodeDemo.framework */; };
		C02CFB8D22392B1F00AC7B2A /* NotificationsViewController.swift in Sources */ = {isa = PBXBuildFile; fileRef = C02CFB8C22392B1F00AC7B2A /* NotificationsViewController.swift */; };
		C04753D8224B88DD00F74AFA /* GoogleService-Info.plist in Resources */ = {isa = PBXBuildFile; fileRef = C04753D7224B88DD00F74AFA /* GoogleService-Info.plist */; };
		C07EE57B2236356E00E1B7C9 /* SensorViewController.swift in Sources */ = {isa = PBXBuildFile; fileRef = C07EE57A2236356E00E1B7C9 /* SensorViewController.swift */; };
		C0B645FC2203FF820067954A /* AppDelegate.swift in Sources */ = {isa = PBXBuildFile; fileRef = C0B645FB2203FF820067954A /* AppDelegate.swift */; };
		C0B645FE2203FF820067954A /* ViewController.swift in Sources */ = {isa = PBXBuildFile; fileRef = C0B645FD2203FF820067954A /* ViewController.swift */; };
		C0B646012203FF820067954A /* Main.storyboard in Resources */ = {isa = PBXBuildFile; fileRef = C0B645FF2203FF820067954A /* Main.storyboard */; };
		C0B646032203FF850067954A /* Assets.xcassets in Resources */ = {isa = PBXBuildFile; fileRef = C0B646022203FF850067954A /* Assets.xcassets */; };
		C0B646062203FF850067954A /* LaunchScreen.storyboard in Resources */ = {isa = PBXBuildFile; fileRef = C0B646042203FF850067954A /* LaunchScreen.storyboard */; };
		C0BFE562223A2A5000D3A558 /* MapDetailsViewControllerTests.swift in Sources */ = {isa = PBXBuildFile; fileRef = C0BFE561223A2A5000D3A558 /* MapDetailsViewControllerTests.swift */; };
		C0D7539622326AFA00BEE6E1 /* MapDetailsViewController.swift in Sources */ = {isa = PBXBuildFile; fileRef = C0D7539522326AFA00BEE6E1 /* MapDetailsViewController.swift */; };
		C0E3446A224A2B4F00B0C6BA /* Reachability.swift in Sources */ = {isa = PBXBuildFile; fileRef = C0E34469224A2B4F00B0C6BA /* Reachability.swift */; };
		C0E34470224A48D200B0C6BA /* APIModel.swift in Sources */ = {isa = PBXBuildFile; fileRef = C0E3446F224A48D200B0C6BA /* APIModel.swift */; };
		C0E34472224A48E800B0C6BA /* Constants.swift in Sources */ = {isa = PBXBuildFile; fileRef = C0E34471224A48E800B0C6BA /* Constants.swift */; };
		C0F2A3AC224BA76A00A1589E /* QRCodeNotificationDelegate.swift in Sources */ = {isa = PBXBuildFile; fileRef = C0F2A3AB224BA76A00A1589E /* QRCodeNotificationDelegate.swift */; };
		C0F58B3C22041A8500727546 /* QRScannerController.swift in Sources */ = {isa = PBXBuildFile; fileRef = C0F58B3B22041A8500727546 /* QRScannerController.swift */; };
/* End PBXBuildFile section */

/* Begin PBXContainerItemProxy section */
		C0BFE55A223A29A700D3A558 /* PBXContainerItemProxy */ = {
			isa = PBXContainerItemProxy;
			containerPortal = C0B645F02203FF820067954A /* Project object */;
			proxyType = 1;
			remoteGlobalIDString = C0B645F72203FF820067954A;
			remoteInfo = QRCodeDemo;
		};
/* End PBXContainerItemProxy section */

/* Begin PBXFileReference section */
		C0153858224B8D140050DC3E /* QRCodeDemo.entitlements */ = {isa = PBXFileReference; lastKnownFileType = text.plist.entitlements; path = QRCodeDemo.entitlements; sourceTree = "<group>"; };
		C02CFB8C22392B1F00AC7B2A /* NotificationsViewController.swift */ = {isa = PBXFileReference; lastKnownFileType = sourcecode.swift; path = NotificationsViewController.swift; sourceTree = "<group>"; };
		C04753D7224B88DD00F74AFA /* GoogleService-Info.plist */ = {isa = PBXFileReference; fileEncoding = 4; lastKnownFileType = text.plist.xml; path = "GoogleService-Info.plist"; sourceTree = "<group>"; };
		C07EE57A2236356E00E1B7C9 /* SensorViewController.swift */ = {isa = PBXFileReference; lastKnownFileType = sourcecode.swift; path = SensorViewController.swift; sourceTree = "<group>"; };
		C0B645F82203FF820067954A /* QRCodeDemo.app */ = {isa = PBXFileReference; explicitFileType = wrapper.application; includeInIndex = 0; path = QRCodeDemo.app; sourceTree = BUILT_PRODUCTS_DIR; };
		C0B645FB2203FF820067954A /* AppDelegate.swift */ = {isa = PBXFileReference; lastKnownFileType = sourcecode.swift; path = AppDelegate.swift; sourceTree = "<group>"; };
		C0B645FD2203FF820067954A /* ViewController.swift */ = {isa = PBXFileReference; lastKnownFileType = sourcecode.swift; path = ViewController.swift; sourceTree = "<group>"; };
		C0B646002203FF820067954A /* Base */ = {isa = PBXFileReference; lastKnownFileType = file.storyboard; name = Base; path = Base.lproj/Main.storyboard; sourceTree = "<group>"; };
		C0B646022203FF850067954A /* Assets.xcassets */ = {isa = PBXFileReference; lastKnownFileType = folder.assetcatalog; path = Assets.xcassets; sourceTree = "<group>"; };
		C0B646052203FF850067954A /* Base */ = {isa = PBXFileReference; lastKnownFileType = file.storyboard; name = Base; path = Base.lproj/LaunchScreen.storyboard; sourceTree = "<group>"; };
		C0B646072203FF850067954A /* Info.plist */ = {isa = PBXFileReference; lastKnownFileType = text.plist.xml; path = Info.plist; sourceTree = "<group>"; };
		C0BFE555223A29A700D3A558 /* QRCodeDemoUITests.xctest */ = {isa = PBXFileReference; explicitFileType = wrapper.cfbundle; includeInIndex = 0; path = QRCodeDemoUITests.xctest; sourceTree = BUILT_PRODUCTS_DIR; };
		C0BFE559223A29A700D3A558 /* Info.plist */ = {isa = PBXFileReference; lastKnownFileType = text.plist.xml; path = Info.plist; sourceTree = "<group>"; };
		C0BFE561223A2A5000D3A558 /* MapDetailsViewControllerTests.swift */ = {isa = PBXFileReference; lastKnownFileType = sourcecode.swift; path = MapDetailsViewControllerTests.swift; sourceTree = "<group>"; };
		C0D7539522326AFA00BEE6E1 /* MapDetailsViewController.swift */ = {isa = PBXFileReference; lastKnownFileType = sourcecode.swift; path = MapDetailsViewController.swift; sourceTree = "<group>"; };
		C0E34469224A2B4F00B0C6BA /* Reachability.swift */ = {isa = PBXFileReference; lastKnownFileType = sourcecode.swift; path = Reachability.swift; sourceTree = "<group>"; };
		C0E3446F224A48D200B0C6BA /* APIModel.swift */ = {isa = PBXFileReference; lastKnownFileType = sourcecode.swift; path = APIModel.swift; sourceTree = "<group>"; };
		C0E34471224A48E800B0C6BA /* Constants.swift */ = {isa = PBXFileReference; lastKnownFileType = sourcecode.swift; path = Constants.swift; sourceTree = "<group>"; };
		C0F2A3AB224BA76A00A1589E /* QRCodeNotificationDelegate.swift */ = {isa = PBXFileReference; lastKnownFileType = sourcecode.swift; path = QRCodeNotificationDelegate.swift; sourceTree = "<group>"; };
		C0F58B3B22041A8500727546 /* QRScannerController.swift */ = {isa = PBXFileReference; lastKnownFileType = sourcecode.swift; path = QRScannerController.swift; sourceTree = "<group>"; };
		C23D4F56A2A1413A1D5C8CBE /* Pods-QRCodeDemo.release.xcconfig */ = {isa = PBXFileReference; includeInIndex = 1; lastKnownFileType = text.xcconfig; name = "Pods-QRCodeDemo.release.xcconfig"; path = "Pods/Target Support Files/Pods-QRCodeDemo/Pods-QRCodeDemo.release.xcconfig"; sourceTree = "<group>"; };
		E4C1E86C1A9B778B5EDAD85C /* Pods-QRCodeDemo.debug.xcconfig */ = {isa = PBXFileReference; includeInIndex = 1; lastKnownFileType = text.xcconfig; name = "Pods-QRCodeDemo.debug.xcconfig"; path = "Pods/Target Support Files/Pods-QRCodeDemo/Pods-QRCodeDemo.debug.xcconfig"; sourceTree = "<group>"; };
		E9DDA81D0DA57205DCAA62AC /* Pods_QRCodeDemo.framework */ = {isa = PBXFileReference; explicitFileType = wrapper.framework; includeInIndex = 0; path = Pods_QRCodeDemo.framework; sourceTree = BUILT_PRODUCTS_DIR; };
/* End PBXFileReference section */

/* Begin PBXFrameworksBuildPhase section */
		C0B645F52203FF820067954A /* Frameworks */ = {
			isa = PBXFrameworksBuildPhase;
			buildActionMask = 2147483647;
			files = (
				537222614C0AD67E19CAAEAC /* Pods_QRCodeDemo.framework in Frameworks */,
			);
			runOnlyForDeploymentPostprocessing = 0;
		};
		C0BFE552223A29A700D3A558 /* Frameworks */ = {
			isa = PBXFrameworksBuildPhase;
			buildActionMask = 2147483647;
			files = (
			);
			runOnlyForDeploymentPostprocessing = 0;
		};
/* End PBXFrameworksBuildPhase section */

/* Begin PBXGroup section */
		0B664106B136654ECAA7C92F /* Frameworks */ = {
			isa = PBXGroup;
			children = (
				E9DDA81D0DA57205DCAA62AC /* Pods_QRCodeDemo.framework */,
			);
			name = Frameworks;
			sourceTree = "<group>";
		};
		21B40AC43C4B7289E81E5748 /* Pods */ = {
			isa = PBXGroup;
			children = (
				E4C1E86C1A9B778B5EDAD85C /* Pods-QRCodeDemo.debug.xcconfig */,
				C23D4F56A2A1413A1D5C8CBE /* Pods-QRCodeDemo.release.xcconfig */,
			);
			name = Pods;
			sourceTree = "<group>";
		};
		C0B645EF2203FF820067954A = {
			isa = PBXGroup;
			children = (
				C0B645FA2203FF820067954A /* QRCodeDemo */,
				C0BFE556223A29A700D3A558 /* QRCodeDemoUITests */,
				C0B645F92203FF820067954A /* Products */,
				21B40AC43C4B7289E81E5748 /* Pods */,
				0B664106B136654ECAA7C92F /* Frameworks */,
			);
			sourceTree = "<group>";
		};
		C0B645F92203FF820067954A /* Products */ = {
			isa = PBXGroup;
			children = (
				C0B645F82203FF820067954A /* QRCodeDemo.app */,
				C0BFE555223A29A700D3A558 /* QRCodeDemoUITests.xctest */,
			);
			name = Products;
			sourceTree = "<group>";
		};
		C0B645FA2203FF820067954A /* QRCodeDemo */ = {
			isa = PBXGroup;
			children = (
				C0153858224B8D140050DC3E /* QRCodeDemo.entitlements */,
				C0E3446E224A484600B0C6BA /* Globals */,
				C0E3446B224A480300B0C6BA /* Model */,
				C0E3446C224A480C00B0C6BA /* View */,
				C0E3446D224A481400B0C6BA /* Controller */,
				C0B645FB2203FF820067954A /* AppDelegate.swift */,
				C0F2A3AB224BA76A00A1589E /* QRCodeNotificationDelegate.swift */,
				C0B646022203FF850067954A /* Assets.xcassets */,
				C0B646072203FF850067954A /* Info.plist */,
				C04753D7224B88DD00F74AFA /* GoogleService-Info.plist */,
			);
			path = QRCodeDemo;
			sourceTree = "<group>";
		};
		C0BFE556223A29A700D3A558 /* QRCodeDemoUITests */ = {
			isa = PBXGroup;
			children = (
				C0BFE55F223A29F300D3A558 /* Cases */,
				C0BFE560223A29FA00D3A558 /* Data */,
				C0BFE559223A29A700D3A558 /* Info.plist */,
			);
			path = QRCodeDemoUITests;
			sourceTree = "<group>";
		};
		C0BFE55F223A29F300D3A558 /* Cases */ = {
			isa = PBXGroup;
			children = (
				C0BFE561223A2A5000D3A558 /* MapDetailsViewControllerTests.swift */,
			);
			path = Cases;
			sourceTree = "<group>";
		};
		C0BFE560223A29FA00D3A558 /* Data */ = {
			isa = PBXGroup;
			children = (
			);
			path = Data;
			sourceTree = "<group>";
		};
		C0E3446B224A480300B0C6BA /* Model */ = {
			isa = PBXGroup;
			children = (
				C0E3446F224A48D200B0C6BA /* APIModel.swift */,
			);
			path = Model;
			sourceTree = "<group>";
		};
		C0E3446C224A480C00B0C6BA /* View */ = {
			isa = PBXGroup;
			children = (
				C0B645FF2203FF820067954A /* Main.storyboard */,
				C0B646042203FF850067954A /* LaunchScreen.storyboard */,
			);
			path = View;
			sourceTree = "<group>";
		};
		C0E3446D224A481400B0C6BA /* Controller */ = {
			isa = PBXGroup;
			children = (
				C0B645FD2203FF820067954A /* ViewController.swift */,
				C07EE57A2236356E00E1B7C9 /* SensorViewController.swift */,
				C02CFB8C22392B1F00AC7B2A /* NotificationsViewController.swift */,
				C0F58B3B22041A8500727546 /* QRScannerController.swift */,
				C0D7539522326AFA00BEE6E1 /* MapDetailsViewController.swift */,
			);
			path = Controller;
			sourceTree = "<group>";
		};
		C0E3446E224A484600B0C6BA /* Globals */ = {
			isa = PBXGroup;
			children = (
				C0E34471224A48E800B0C6BA /* Constants.swift */,
				C0E34469224A2B4F00B0C6BA /* Reachability.swift */,
			);
			path = Globals;
			sourceTree = "<group>";
		};
/* End PBXGroup section */

/* Begin PBXNativeTarget section */
		C0B645F72203FF820067954A /* QRCodeDemo */ = {
			isa = PBXNativeTarget;
			buildConfigurationList = C0B6460A2203FF850067954A /* Build configuration list for PBXNativeTarget "QRCodeDemo" */;
			buildPhases = (
				F87F1357509B9DBDDBC339F9 /* [CP] Check Pods Manifest.lock */,
				C0B645F42203FF820067954A /* Sources */,
				C0B645F52203FF820067954A /* Frameworks */,
				C0B645F62203FF820067954A /* Resources */,
				A63093E21A32DAFE48F52730 /* [CP] Embed Pods Frameworks */,
				6749375A3EB3B21756BBBB7D /* [CP] Copy Pods Resources */,
			);
			buildRules = (
			);
			dependencies = (
			);
			name = QRCodeDemo;
			productName = QRCodeDemo;
			productReference = C0B645F82203FF820067954A /* QRCodeDemo.app */;
			productType = "com.apple.product-type.application";
		};
		C0BFE554223A29A700D3A558 /* QRCodeDemoUITests */ = {
			isa = PBXNativeTarget;
			buildConfigurationList = C0BFE55E223A29A700D3A558 /* Build configuration list for PBXNativeTarget "QRCodeDemoUITests" */;
			buildPhases = (
				C0BFE551223A29A700D3A558 /* Sources */,
				C0BFE552223A29A700D3A558 /* Frameworks */,
				C0BFE553223A29A700D3A558 /* Resources */,
			);
			buildRules = (
			);
			dependencies = (
				C0BFE55B223A29A700D3A558 /* PBXTargetDependency */,
			);
			name = QRCodeDemoUITests;
			productName = QRCodeDemoUITests;
			productReference = C0BFE555223A29A700D3A558 /* QRCodeDemoUITests.xctest */;
			productType = "com.apple.product-type.bundle.ui-testing";
		};
/* End PBXNativeTarget section */

/* Begin PBXProject section */
		C0B645F02203FF820067954A /* Project object */ = {
			isa = PBXProject;
			attributes = {
				LastSwiftUpdateCheck = 1010;
				LastUpgradeCheck = 1010;
				ORGANIZATIONNAME = "HyperThink Systems";
				TargetAttributes = {
					C0B645F72203FF820067954A = {
						CreatedOnToolsVersion = 10.1;
						SystemCapabilities = {
							com.apple.BackgroundModes = {
								enabled = 1;
							};
							com.apple.Push = {
								enabled = 1;
							};
						};
					};
					C0BFE554223A29A700D3A558 = {
						CreatedOnToolsVersion = 10.1;
						TestTargetID = C0B645F72203FF820067954A;
					};
				};
			};
			buildConfigurationList = C0B645F32203FF820067954A /* Build configuration list for PBXProject "QRCodeDemo" */;
			compatibilityVersion = "Xcode 9.3";
			developmentRegion = en;
			hasScannedForEncodings = 0;
			knownRegions = (
				en,
				Base,
			);
			mainGroup = C0B645EF2203FF820067954A;
			productRefGroup = C0B645F92203FF820067954A /* Products */;
			projectDirPath = "";
			projectRoot = "";
			targets = (
				C0B645F72203FF820067954A /* QRCodeDemo */,
				C0BFE554223A29A700D3A558 /* QRCodeDemoUITests */,
			);
		};
/* End PBXProject section */

/* Begin PBXResourcesBuildPhase section */
		C0B645F62203FF820067954A /* Resources */ = {
			isa = PBXResourcesBuildPhase;
			buildActionMask = 2147483647;
			files = (
				C0B646062203FF850067954A /* LaunchScreen.storyboard in Resources */,
				C04753D8224B88DD00F74AFA /* GoogleService-Info.plist in Resources */,
				C0B646032203FF850067954A /* Assets.xcassets in Resources */,
				C0B646012203FF820067954A /* Main.storyboard in Resources */,
			);
			runOnlyForDeploymentPostprocessing = 0;
		};
		C0BFE553223A29A700D3A558 /* Resources */ = {
			isa = PBXResourcesBuildPhase;
			buildActionMask = 2147483647;
			files = (
			);
			runOnlyForDeploymentPostprocessing = 0;
		};
/* End PBXResourcesBuildPhase section */

/* Begin PBXShellScriptBuildPhase section */
		6749375A3EB3B21756BBBB7D /* [CP] Copy Pods Resources */ = {
			isa = PBXShellScriptBuildPhase;
			buildActionMask = 2147483647;
			files = (
			);
			inputPaths = (
				"${SRCROOT}/Pods/Target Support Files/Pods-QRCodeDemo/Pods-QRCodeDemo-resources.sh",
				"${PODS_ROOT}/GoogleMaps/Maps/Frameworks/GoogleMaps.framework/Resources/GoogleMaps.bundle",
				"${PODS_ROOT}/GooglePlaces/Frameworks/GooglePlaces.framework/Resources/GooglePlaces.bundle",
			);
			name = "[CP] Copy Pods Resources";
			outputPaths = (
				"${TARGET_BUILD_DIR}/${UNLOCALIZED_RESOURCES_FOLDER_PATH}/GoogleMaps.bundle",
				"${TARGET_BUILD_DIR}/${UNLOCALIZED_RESOURCES_FOLDER_PATH}/GooglePlaces.bundle",
			);
			runOnlyForDeploymentPostprocessing = 0;
			shellPath = /bin/sh;
			shellScript = "\"${SRCROOT}/Pods/Target Support Files/Pods-QRCodeDemo/Pods-QRCodeDemo-resources.sh\"\n";
			showEnvVarsInLog = 0;
		};
		A63093E21A32DAFE48F52730 /* [CP] Embed Pods Frameworks */ = {
			isa = PBXShellScriptBuildPhase;
			buildActionMask = 2147483647;
			files = (
			);
			inputPaths = (
				"${SRCROOT}/Pods/Target Support Files/Pods-QRCodeDemo/Pods-QRCodeDemo-frameworks.sh",
				"${BUILT_PRODUCTS_DIR}/Charts/Charts.framework",
				"${BUILT_PRODUCTS_DIR}/CocoaAsyncSocket/CocoaAsyncSocket.framework",
				"${BUILT_PRODUCTS_DIR}/CocoaMQTT/CocoaMQTT.framework",
				"${BUILT_PRODUCTS_DIR}/GoogleUtilities/GoogleUtilities.framework",
				"${BUILT_PRODUCTS_DIR}/Protobuf/Protobuf.framework",
				"${BUILT_PRODUCTS_DIR}/QRCode/QRCode.framework",
				"${BUILT_PRODUCTS_DIR}/QRCodeReader.swift/QRCodeReader.framework",
				"${BUILT_PRODUCTS_DIR}/ReachabilitySwift/Reachability.framework",
				"${BUILT_PRODUCTS_DIR}/nanopb/nanopb.framework",
			);
			name = "[CP] Embed Pods Frameworks";
			outputPaths = (
				"${TARGET_BUILD_DIR}/${FRAMEWORKS_FOLDER_PATH}/Charts.framework",
				"${TARGET_BUILD_DIR}/${FRAMEWORKS_FOLDER_PATH}/CocoaAsyncSocket.framework",
				"${TARGET_BUILD_DIR}/${FRAMEWORKS_FOLDER_PATH}/CocoaMQTT.framework",
				"${TARGET_BUILD_DIR}/${FRAMEWORKS_FOLDER_PATH}/GoogleUtilities.framework",
				"${TARGET_BUILD_DIR}/${FRAMEWORKS_FOLDER_PATH}/Protobuf.framework",
				"${TARGET_BUILD_DIR}/${FRAMEWORKS_FOLDER_PATH}/QRCode.framework",
				"${TARGET_BUILD_DIR}/${FRAMEWORKS_FOLDER_PATH}/QRCodeReader.framework",
				"${TARGET_BUILD_DIR}/${FRAMEWORKS_FOLDER_PATH}/Reachability.framework",
				"${TARGET_BUILD_DIR}/${FRAMEWORKS_FOLDER_PATH}/nanopb.framework",
			);
			runOnlyForDeploymentPostprocessing = 0;
			shellPath = /bin/sh;
			shellScript = "\"${SRCROOT}/Pods/Target Support Files/Pods-QRCodeDemo/Pods-QRCodeDemo-frameworks.sh\"\n";
			showEnvVarsInLog = 0;
		};
		F87F1357509B9DBDDBC339F9 /* [CP] Check Pods Manifest.lock */ = {
			isa = PBXShellScriptBuildPhase;
			buildActionMask = 2147483647;
			files = (
			);
			inputPaths = (
				"${PODS_PODFILE_DIR_PATH}/Podfile.lock",
				"${PODS_ROOT}/Manifest.lock",
			);
			name = "[CP] Check Pods Manifest.lock";
			outputPaths = (
				"$(DERIVED_FILE_DIR)/Pods-QRCodeDemo-checkManifestLockResult.txt",
			);
			runOnlyForDeploymentPostprocessing = 0;
			shellPath = /bin/sh;
			shellScript = "diff \"${PODS_PODFILE_DIR_PATH}/Podfile.lock\" \"${PODS_ROOT}/Manifest.lock\" > /dev/null\nif [ $? != 0 ] ; then\n    # print error to STDERR\n    echo \"error: The sandbox is not in sync with the Podfile.lock. Run 'pod install' or update your CocoaPods installation.\" >&2\n    exit 1\nfi\n# This output is used by Xcode 'outputs' to avoid re-running this script phase.\necho \"SUCCESS\" > \"${SCRIPT_OUTPUT_FILE_0}\"\n";
			showEnvVarsInLog = 0;
		};
/* End PBXShellScriptBuildPhase section */

/* Begin PBXSourcesBuildPhase section */
		C0B645F42203FF820067954A /* Sources */ = {
			isa = PBXSourcesBuildPhase;
			buildActionMask = 2147483647;
			files = (
				C02CFB8D22392B1F00AC7B2A /* NotificationsViewController.swift in Sources */,
				C0B645FE2203FF820067954A /* ViewController.swift in Sources */,
				C0B645FC2203FF820067954A /* AppDelegate.swift in Sources */,
				C0E34470224A48D200B0C6BA /* APIModel.swift in Sources */,
				C0D7539622326AFA00BEE6E1 /* MapDetailsViewController.swift in Sources */,
				C07EE57B2236356E00E1B7C9 /* SensorViewController.swift in Sources */,
				C0F2A3AC224BA76A00A1589E /* QRCodeNotificationDelegate.swift in Sources */,
				C0E3446A224A2B4F00B0C6BA /* Reachability.swift in Sources */,
				C0F58B3C22041A8500727546 /* QRScannerController.swift in Sources */,
				C0E34472224A48E800B0C6BA /* Constants.swift in Sources */,
			);
			runOnlyForDeploymentPostprocessing = 0;
		};
		C0BFE551223A29A700D3A558 /* Sources */ = {
			isa = PBXSourcesBuildPhase;
			buildActionMask = 2147483647;
			files = (
				C0BFE562223A2A5000D3A558 /* MapDetailsViewControllerTests.swift in Sources */,
			);
			runOnlyForDeploymentPostprocessing = 0;
		};
/* End PBXSourcesBuildPhase section */

/* Begin PBXTargetDependency section */
		C0BFE55B223A29A700D3A558 /* PBXTargetDependency */ = {
			isa = PBXTargetDependency;
			target = C0B645F72203FF820067954A /* QRCodeDemo */;
			targetProxy = C0BFE55A223A29A700D3A558 /* PBXContainerItemProxy */;
		};
/* End PBXTargetDependency section */

/* Begin PBXVariantGroup section */
		C0B645FF2203FF820067954A /* Main.storyboard */ = {
			isa = PBXVariantGroup;
			children = (
				C0B646002203FF820067954A /* Base */,
			);
			name = Main.storyboard;
			sourceTree = "<group>";
		};
		C0B646042203FF850067954A /* LaunchScreen.storyboard */ = {
			isa = PBXVariantGroup;
			children = (
				C0B646052203FF850067954A /* Base */,
			);
			name = LaunchScreen.storyboard;
			sourceTree = "<group>";
		};
/* End PBXVariantGroup section */

/* Begin XCBuildConfiguration section */
		C0B646082203FF850067954A /* Debug */ = {
			isa = XCBuildConfiguration;
			buildSettings = {
				ALWAYS_SEARCH_USER_PATHS = NO;
				CLANG_ANALYZER_NONNULL = YES;
				CLANG_ANALYZER_NUMBER_OBJECT_CONVERSION = YES_AGGRESSIVE;
				CLANG_CXX_LANGUAGE_STANDARD = "gnu++14";
				CLANG_CXX_LIBRARY = "libc++";
				CLANG_ENABLE_MODULES = YES;
				CLANG_ENABLE_OBJC_ARC = YES;
				CLANG_ENABLE_OBJC_WEAK = YES;
				CLANG_WARN_BLOCK_CAPTURE_AUTORELEASING = YES;
				CLANG_WARN_BOOL_CONVERSION = YES;
				CLANG_WARN_COMMA = YES;
				CLANG_WARN_CONSTANT_CONVERSION = YES;
				CLANG_WARN_DEPRECATED_OBJC_IMPLEMENTATIONS = YES;
				CLANG_WARN_DIRECT_OBJC_ISA_USAGE = YES_ERROR;
				CLANG_WARN_DOCUMENTATION_COMMENTS = YES;
				CLANG_WARN_EMPTY_BODY = YES;
				CLANG_WARN_ENUM_CONVERSION = YES;
				CLANG_WARN_INFINITE_RECURSION = YES;
				CLANG_WARN_INT_CONVERSION = YES;
				CLANG_WARN_NON_LITERAL_NULL_CONVERSION = YES;
				CLANG_WARN_OBJC_IMPLICIT_RETAIN_SELF = YES;
				CLANG_WARN_OBJC_LITERAL_CONVERSION = YES;
				CLANG_WARN_OBJC_ROOT_CLASS = YES_ERROR;
				CLANG_WARN_RANGE_LOOP_ANALYSIS = YES;
				CLANG_WARN_STRICT_PROTOTYPES = YES;
				CLANG_WARN_SUSPICIOUS_MOVE = YES;
				CLANG_WARN_UNGUARDED_AVAILABILITY = YES_AGGRESSIVE;
				CLANG_WARN_UNREACHABLE_CODE = YES;
				CLANG_WARN__DUPLICATE_METHOD_MATCH = YES;
				CODE_SIGN_IDENTITY = "iPhone Developer";
				COPY_PHASE_STRIP = NO;
				DEBUG_INFORMATION_FORMAT = dwarf;
				ENABLE_STRICT_OBJC_MSGSEND = YES;
				ENABLE_TESTABILITY = YES;
				GCC_C_LANGUAGE_STANDARD = gnu11;
				GCC_DYNAMIC_NO_PIC = NO;
				GCC_NO_COMMON_BLOCKS = YES;
				GCC_OPTIMIZATION_LEVEL = 0;
				GCC_PREPROCESSOR_DEFINITIONS = (
					"DEBUG=1",
					"$(inherited)",
				);
				GCC_WARN_64_TO_32_BIT_CONVERSION = YES;
				GCC_WARN_ABOUT_RETURN_TYPE = YES_ERROR;
				GCC_WARN_UNDECLARED_SELECTOR = YES;
				GCC_WARN_UNINITIALIZED_AUTOS = YES_AGGRESSIVE;
				GCC_WARN_UNUSED_FUNCTION = YES;
				GCC_WARN_UNUSED_VARIABLE = YES;
				IPHONEOS_DEPLOYMENT_TARGET = 12.1;
				MTL_ENABLE_DEBUG_INFO = INCLUDE_SOURCE;
				MTL_FAST_MATH = YES;
				ONLY_ACTIVE_ARCH = YES;
				SDKROOT = iphoneos;
				SWIFT_ACTIVE_COMPILATION_CONDITIONS = DEBUG;
				SWIFT_OPTIMIZATION_LEVEL = "-Onone";
			};
			name = Debug;
		};
		C0B646092203FF850067954A /* Release */ = {
			isa = XCBuildConfiguration;
			buildSettings = {
				ALWAYS_SEARCH_USER_PATHS = NO;
				CLANG_ANALYZER_NONNULL = YES;
				CLANG_ANALYZER_NUMBER_OBJECT_CONVERSION = YES_AGGRESSIVE;
				CLANG_CXX_LANGUAGE_STANDARD = "gnu++14";
				CLANG_CXX_LIBRARY = "libc++";
				CLANG_ENABLE_MODULES = YES;
				CLANG_ENABLE_OBJC_ARC = YES;
				CLANG_ENABLE_OBJC_WEAK = YES;
				CLANG_WARN_BLOCK_CAPTURE_AUTORELEASING = YES;
				CLANG_WARN_BOOL_CONVERSION = YES;
				CLANG_WARN_COMMA = YES;
				CLANG_WARN_CONSTANT_CONVERSION = YES;
				CLANG_WARN_DEPRECATED_OBJC_IMPLEMENTATIONS = YES;
				CLANG_WARN_DIRECT_OBJC_ISA_USAGE = YES_ERROR;
				CLANG_WARN_DOCUMENTATION_COMMENTS = YES;
				CLANG_WARN_EMPTY_BODY = YES;
				CLANG_WARN_ENUM_CONVERSION = YES;
				CLANG_WARN_INFINITE_RECURSION = YES;
				CLANG_WARN_INT_CONVERSION = YES;
				CLANG_WARN_NON_LITERAL_NULL_CONVERSION = YES;
				CLANG_WARN_OBJC_IMPLICIT_RETAIN_SELF = YES;
				CLANG_WARN_OBJC_LITERAL_CONVERSION = YES;
				CLANG_WARN_OBJC_ROOT_CLASS = YES_ERROR;
				CLANG_WARN_RANGE_LOOP_ANALYSIS = YES;
				CLANG_WARN_STRICT_PROTOTYPES = YES;
				CLANG_WARN_SUSPICIOUS_MOVE = YES;
				CLANG_WARN_UNGUARDED_AVAILABILITY = YES_AGGRESSIVE;
				CLANG_WARN_UNREACHABLE_CODE = YES;
				CLANG_WARN__DUPLICATE_METHOD_MATCH = YES;
				CODE_SIGN_IDENTITY = "iPhone Developer";
				COPY_PHASE_STRIP = NO;
				DEBUG_INFORMATION_FORMAT = "dwarf-with-dsym";
				ENABLE_NS_ASSERTIONS = NO;
				ENABLE_STRICT_OBJC_MSGSEND = YES;
				GCC_C_LANGUAGE_STANDARD = gnu11;
				GCC_NO_COMMON_BLOCKS = YES;
				GCC_WARN_64_TO_32_BIT_CONVERSION = YES;
				GCC_WARN_ABOUT_RETURN_TYPE = YES_ERROR;
				GCC_WARN_UNDECLARED_SELECTOR = YES;
				GCC_WARN_UNINITIALIZED_AUTOS = YES_AGGRESSIVE;
				GCC_WARN_UNUSED_FUNCTION = YES;
				GCC_WARN_UNUSED_VARIABLE = YES;
				IPHONEOS_DEPLOYMENT_TARGET = 12.1;
				MTL_ENABLE_DEBUG_INFO = NO;
				MTL_FAST_MATH = YES;
				SDKROOT = iphoneos;
				SWIFT_COMPILATION_MODE = wholemodule;
				SWIFT_OPTIMIZATION_LEVEL = "-O";
				VALIDATE_PRODUCT = YES;
			};
			name = Release;
		};
		C0B6460B2203FF850067954A /* Debug */ = {
			isa = XCBuildConfiguration;
			baseConfigurationReference = E4C1E86C1A9B778B5EDAD85C /* Pods-QRCodeDemo.debug.xcconfig */;
			buildSettings = {
				ASSETCATALOG_COMPILER_APPICON_NAME = AppIcon;
				CODE_SIGN_ENTITLEMENTS = QRCodeDemo/QRCodeDemo.entitlements;
				CODE_SIGN_STYLE = Automatic;
				DEVELOPMENT_TEAM = GW9NR7R2AD;
				INFOPLIST_FILE = QRCodeDemo/Info.plist;
				IPHONEOS_DEPLOYMENT_TARGET = 11.4;
				LD_RUNPATH_SEARCH_PATHS = (
					"$(inherited)",
					"@executable_path/Frameworks",
				);
				PRODUCT_BUNDLE_IDENTIFIER = hts.QRCodeDemo;
				PRODUCT_NAME = "$(TARGET_NAME)";
				SWIFT_VERSION = 4.2;
				TARGETED_DEVICE_FAMILY = "1,2";
			};
			name = Debug;
		};
		C0B6460C2203FF850067954A /* Release */ = {
			isa = XCBuildConfiguration;
			baseConfigurationReference = C23D4F56A2A1413A1D5C8CBE /* Pods-QRCodeDemo.release.xcconfig */;
			buildSettings = {
				ASSETCATALOG_COMPILER_APPICON_NAME = AppIcon;
				CODE_SIGN_ENTITLEMENTS = QRCodeDemo/QRCodeDemo.entitlements;
				CODE_SIGN_STYLE = Automatic;
				DEVELOPMENT_TEAM = GW9NR7R2AD;
				INFOPLIST_FILE = QRCodeDemo/Info.plist;
				IPHONEOS_DEPLOYMENT_TARGET = 11.4;
				LD_RUNPATH_SEARCH_PATHS = (
					"$(inherited)",
					"@executable_path/Frameworks",
				);
				PRODUCT_BUNDLE_IDENTIFIER = hts.QRCodeDemo;
				PRODUCT_NAME = "$(TARGET_NAME)";
				SWIFT_VERSION = 4.2;
				TARGETED_DEVICE_FAMILY = "1,2";
			};
			name = Release;
		};
		C0BFE55C223A29A700D3A558 /* Debug */ = {
			isa = XCBuildConfiguration;
			buildSettings = {
				CODE_SIGN_STYLE = Automatic;
				DEVELOPMENT_TEAM = GW9NR7R2AD;
				INFOPLIST_FILE = QRCodeDemoUITests/Info.plist;
				LD_RUNPATH_SEARCH_PATHS = (
					"$(inherited)",
					"@executable_path/Frameworks",
					"@loader_path/Frameworks",
				);
				PRODUCT_BUNDLE_IDENTIFIER = hts.QRCodeDemoUITests;
				PRODUCT_NAME = "$(TARGET_NAME)";
				SWIFT_VERSION = 4.2;
				TARGETED_DEVICE_FAMILY = "1,2";
				TEST_TARGET_NAME = QRCodeDemo;
			};
			name = Debug;
		};
		C0BFE55D223A29A700D3A558 /* Release */ = {
			isa = XCBuildConfiguration;
			buildSettings = {
				CODE_SIGN_STYLE = Automatic;
				DEVELOPMENT_TEAM = GW9NR7R2AD;
				INFOPLIST_FILE = QRCodeDemoUITests/Info.plist;
				LD_RUNPATH_SEARCH_PATHS = (
					"$(inherited)",
					"@executable_path/Frameworks",
					"@loader_path/Frameworks",
				);
				PRODUCT_BUNDLE_IDENTIFIER = hts.QRCodeDemoUITests;
				PRODUCT_NAME = "$(TARGET_NAME)";
				SWIFT_VERSION = 4.2;
				TARGETED_DEVICE_FAMILY = "1,2";
				TEST_TARGET_NAME = QRCodeDemo;
			};
			name = Release;
		};
/* End XCBuildConfiguration section */

/* Begin XCConfigurationList section */
		C0B645F32203FF820067954A /* Build configuration list for PBXProject "QRCodeDemo" */ = {
			isa = XCConfigurationList;
			buildConfigurations = (
				C0B646082203FF850067954A /* Debug */,
				C0B646092203FF850067954A /* Release */,
			);
			defaultConfigurationIsVisible = 0;
			defaultConfigurationName = Release;
		};
		C0B6460A2203FF850067954A /* Build configuration list for PBXNativeTarget "QRCodeDemo" */ = {
			isa = XCConfigurationList;
			buildConfigurations = (
				C0B6460B2203FF850067954A /* Debug */,
				C0B6460C2203FF850067954A /* Release */,
			);
			defaultConfigurationIsVisible = 0;
			defaultConfigurationName = Release;
		};
		C0BFE55E223A29A700D3A558 /* Build configuration list for PBXNativeTarget "QRCodeDemoUITests" */ = {
			isa = XCConfigurationList;
			buildConfigurations = (
				C0BFE55C223A29A700D3A558 /* Debug */,
				C0BFE55D223A29A700D3A558 /* Release */,
			);
			defaultConfigurationIsVisible = 0;
			defaultConfigurationName = Release;
		};
/* End XCConfigurationList section */
	};
	rootObject = C0B645F02203FF820067954A /* Project object */;
}
